{
  "nodes": {
    "flakeNimbleLib": {
      "inputs": {
        "nixpkgs": [
          "nixpkgs"
        ]
      },
      "locked": {
        "lastModified": 1662018438,
        "narHash": "sha256-QtNtU6+LX3Wokxf0zlFwKTFOcn6TeDjKQZ+DA9OYtvM=",
        "owner": "riinr",
        "repo": "nim-flakes-lib",
        "rev": "b1fe8340736e3a85d25c709ac3dfd82a55c03cbf",
        "type": "github"
      },
      "original": {
        "owner": "riinr",
        "ref": "master",
        "repo": "nim-flakes-lib",
        "type": "github"
      }
    },
    "nimcef-devel": {
      "inputs": {
        "flakeNimbleLib": [
          "flakeNimbleLib"
        ],
        "nixpkgs": [
          "nixpkgs"
        ],
        "src-nimCEF-devel": "src-nimCEF-devel"
      },
      "locked": {
        "dir": "devel",
        "lastModified": 1667322477,
        "narHash": "sha256-mg6IOif4lLpx9swAR3NCamnAk/8SjGslk0FEgmngN0A=",
        "owner": "nim-nix-pkgs",
        "repo": "nimcef",
        "rev": "b1f43ec36690a6fdfcc567b31fe2c462007032c8",
        "type": "github"
      },
      "original": {
        "dir": "devel",
        "owner": "nim-nix-pkgs",
        "ref": "master",
        "repo": "nimcef",
        "type": "github"
      }
    },
    "nimcef-master": {
      "inputs": {
        "flakeNimbleLib": [
          "flakeNimbleLib"
        ],
        "nixpkgs": [
          "nixpkgs"
        ],
        "src-nimCEF-master": "src-nimCEF-master"
      },
      "locked": {
        "dir": "master",
        "lastModified": 1667322477,
        "narHash": "sha256-mg6IOif4lLpx9swAR3NCamnAk/8SjGslk0FEgmngN0A=",
        "owner": "nim-nix-pkgs",
        "repo": "nimcef",
        "rev": "b1f43ec36690a6fdfcc567b31fe2c462007032c8",
        "type": "github"
      },
      "original": {
        "dir": "master",
        "owner": "nim-nix-pkgs",
        "ref": "master",
        "repo": "nimcef",
        "type": "github"
      }
    },
    "nixpkgs": {
      "locked": {
        "lastModified": 1667199707,
        "narHash": "sha256-I2Js3Y7gUyVSEXPULHlBoRek4Lh85vnevdS6mdvDNLI=",
        "owner": "NixOS",
        "repo": "nixpkgs",
        "rev": "ced197be72099edcfa68ebed8b87af7b04851f45",
        "type": "github"
      },
      "original": {
        "id": "nixpkgs",
        "type": "indirect"
      }
    },
    "root": {
      "inputs": {
        "flakeNimbleLib": "flakeNimbleLib",
        "nimcef-devel": "nimcef-devel",
        "nimcef-master": "nimcef-master",
        "nixpkgs": "nixpkgs"
      }
    },
    "src-nimCEF-devel": {
      "flake": false,
      "locked": {
        "lastModified": 1604126565,
        "narHash": "sha256-mmQTdR9t7UIYKnlrqllRzDUiRAKokwDztIa+EWzXus4=",
        "owner": "jangko",
        "repo": "nimCEF",
        "rev": "1dd96ad929da209aa26947c8411b51eb0f824263",
        "type": "github"
      },
      "original": {
        "owner": "jangko",
        "ref": "refs/heads/devel",
        "repo": "nimCEF",
        "type": "github"
      }
    },
    "src-nimCEF-master": {
      "flake": false,
      "locked": {
        "lastModified": 1466147604,
        "narHash": "sha256-k/FIm/0A3A2iOvkv2Uj9nyyj5nszuZcYjM1yWGUYeAA=",
        "owner": "jangko",
        "repo": "nimCEF",
        "rev": "6f7233a6c9b6854e04286c333fb3523f4fc98148",
        "type": "github"
      },
      "original": {
        "owner": "jangko",
        "ref": "refs/heads/master",
        "repo": "nimCEF",
        "type": "github"
      }
    }
  },
  "root": "root",
  "version": 7
}
